
Microsoft Visual Studio Solution File, Format Version 12.00
# Visual Studio Version 17
VisualStudioVersion = 17.0.31903.59
MinimumVisualStudioVersion = 10.0.40219.1
Project("{2150E333-8FDC-42A3-9474-1A3956D46DE8}") = "src", "src", "{827E0CD3-B72D-47B6-A68D-7590B98EB39B}"
EndProject
Project("{FAE04EC0-301F-11D3-BF4B-00C04F79EFBC}") = "ErpSystem.Domain", "src\ErpSystem.Domain\ErpSystem.Domain.csproj", "{2FF5C79D-3B89-4784-BD0B-23A9FBC21BD2}"
EndProject
Project("{FAE04EC0-301F-11D3-BF4B-00C04F79EFBC}") = "ErpSystem.Application", "src\ErpSystem.Application\ErpSystem.Application.csproj", "{C4406BA4-BEFF-4BC0-8807-0C9C7DF8556F}"
EndProject
Project("{FAE04EC0-301F-11D3-BF4B-00C04F79EFBC}") = "ErpSystem.Infrastructure", "src\ErpSystem.Infrastructure\ErpSystem.Infrastructure.csproj", "{CE3FF1F1-2204-4727-9021-3ED7B01D037B}"
EndProject
Project("{FAE04EC0-301F-11D3-BF4B-00C04F79EFBC}") = "ErpSystem.API", "src\ErpSystem.API\ErpSystem.API.csproj", "{41DBB503-8061-40EB-B103-0BFE9C0743EB}"
EndProject
Global
	GlobalSection(SolutionConfigurationPlatforms) = preSolution
		Debug|Any CPU = Debug|Any CPU
		Debug|x64 = Debug|x64
		Debug|x86 = Debug|x86
		Release|Any CPU = Release|Any CPU
		Release|x64 = Release|x64
		Release|x86 = Release|x86
	EndGlobalSection
	GlobalSection(ProjectConfigurationPlatforms) = postSolution
		{2FF5C79D-3B89-4784-BD0B-23A9FBC21BD2}.Debug|Any CPU.ActiveCfg = Debug|Any CPU
		{2FF5C79D-3B89-4784-BD0B-23A9FBC21BD2}.Debug|Any CPU.Build.0 = Debug|Any CPU
		{2FF5C79D-3B89-4784-BD0B-23A9FBC21BD2}.Debug|x64.ActiveCfg = Debug|Any CPU
		{2FF5C79D-3B89-4784-BD0B-23A9FBC21BD2}.Debug|x64.Build.0 = Debug|Any CPU
		{2FF5C79D-3B89-4784-BD0B-23A9FBC21BD2}.Debug|x86.ActiveCfg = Debug|Any CPU
		{2FF5C79D-3B89-4784-BD0B-23A9FBC21BD2}.Debug|x86.Build.0 = Debug|Any CPU
		{2FF5C79D-3B89-4784-BD0B-23A9FBC21BD2}.Release|Any CPU.ActiveCfg = Release|Any CPU
		{2FF5C79D-3B89-4784-BD0B-23A9FBC21BD2}.Release|Any CPU.Build.0 = Release|Any CPU
		{2FF5C79D-3B89-4784-BD0B-23A9FBC21BD2}.Release|x64.ActiveCfg = Release|Any CPU
		{2FF5C79D-3B89-4784-BD0B-23A9FBC21BD2}.Release|x64.Build.0 = Release|Any CPU
		{2FF5C79D-3B89-4784-BD0B-23A9FBC21BD2}.Release|x86.ActiveCfg = Release|Any CPU
		{2FF5C79D-3B89-4784-BD0B-23A9FBC21BD2}.Release|x86.Build.0 = Release|Any CPU
		{C4406BA4-BEFF-4BC0-8807-0C9C7DF8556F}.Debug|Any CPU.ActiveCfg = Debug|Any CPU
		{C4406BA4-BEFF-4BC0-8807-0C9C7DF8556F}.Debug|Any CPU.Build.0 = Debug|Any CPU
		{C4406BA4-BEFF-4BC0-8807-0C9C7DF8556F}.Debug|x64.ActiveCfg = Debug|Any CPU
		{C4406BA4-BEFF-4BC0-8807-0C9C7DF8556F}.Debug|x64.Build.0 = Debug|Any CPU
		{C4406BA4-BEFF-4BC0-8807-0C9C7DF8556F}.Debug|x86.ActiveCfg = Debug|Any CPU
		{C4406BA4-BEFF-4BC0-8807-0C9C7DF8556F}.Debug|x86.Build.0 = Debug|Any CPU
		{C4406BA4-BEFF-4BC0-8807-0C9C7DF8556F}.Release|Any CPU.ActiveCfg = Release|Any CPU
		{C4406BA4-BEFF-4BC0-8807-0C9C7DF8556F}.Release|Any CPU.Build.0 = Release|Any CPU
		{C4406BA4-BEFF-4BC0-8807-0C9C7DF8556F}.Release|x64.ActiveCfg = Release|Any CPU
		{C4406BA4-BEFF-4BC0-8807-0C9C7DF8556F}.Release|x64.Build.0 = Release|Any CPU
		{C4406BA4-BEFF-4BC0-8807-0C9C7DF8556F}.Release|x86.ActiveCfg = Release|Any CPU
		{C4406BA4-BEFF-4BC0-8807-0C9C7DF8556F}.Release|x86.Build.0 = Release|Any CPU
		{CE3FF1F1-2204-4727-9021-3ED7B01D037B}.Debug|Any CPU.ActiveCfg = Debug|Any CPU
		{CE3FF1F1-2204-4727-9021-3ED7B01D037B}.Debug|Any CPU.Build.0 = Debug|Any CPU
		{CE3FF1F1-2204-4727-9021-3ED7B01D037B}.Debug|x64.ActiveCfg = Debug|Any CPU
		{CE3FF1F1-2204-4727-9021-3ED7B01D037B}.Debug|x64.Build.0 = Debug|Any CPU
		{CE3FF1F1-2204-4727-9021-3ED7B01D037B}.Debug|x86.ActiveCfg = Debug|Any CPU
		{CE3FF1F1-2204-4727-9021-3ED7B01D037B}.Debug|x86.Build.0 = Debug|Any CPU
		{CE3FF1F1-2204-4727-9021-3ED7B01D037B}.Release|Any CPU.ActiveCfg = Release|Any CPU
		{CE3FF1F1-2204-4727-9021-3ED7B01D037B}.Release|Any CPU.Build.0 = Release|Any CPU
		{CE3FF1F1-2204-4727-9021-3ED7B01D037B}.Release|x64.ActiveCfg = Release|Any CPU
		{CE3FF1F1-2204-4727-9021-3ED7B01D037B}.Release|x64.Build.0 = Release|Any CPU
		{CE3FF1F1-2204-4727-9021-3ED7B01D037B}.Release|x86.ActiveCfg = Release|Any CPU
		{CE3FF1F1-2204-4727-9021-3ED7B01D037B}.Release|x86.Build.0 = Release|Any CPU
		{41DBB503-8061-40EB-B103-0BFE9C0743EB}.Debug|Any CPU.ActiveCfg = Debug|Any CPU
		{41DBB503-8061-40EB-B103-0BFE9C0743EB}.Debug|Any CPU.Build.0 = Debug|Any CPU
		{41DBB503-8061-40EB-B103-0BFE9C0743EB}.Debug|x64.ActiveCfg = Debug|Any CPU
		{41DBB503-8061-40EB-B103-0BFE9C0743EB}.Debug|x64.Build.0 = Debug|Any CPU
		{41DBB503-8061-40EB-B103-0BFE9C0743EB}.Debug|x86.ActiveCfg = Debug|Any CPU
		{41DBB503-8061-40EB-B103-0BFE9C0743EB}.Debug|x86.Build.0 = Debug|Any CPU
		{41DBB503-8061-40EB-B103-0BFE9C0743EB}.Release|Any CPU.ActiveCfg = Release|Any CPU
		{41DBB503-8061-40EB-B103-0BFE9C0743EB}.Release|Any CPU.Build.0 = Release|Any CPU
		{41DBB503-8061-40EB-B103-0BFE9C0743EB}.Release|x64.ActiveCfg = Release|Any CPU
		{41DBB503-8061-40EB-B103-0BFE9C0743EB}.Release|x64.Build.0 = Release|Any CPU
		{41DBB503-8061-40EB-B103-0BFE9C0743EB}.Release|x86.ActiveCfg = Release|Any CPU
		{41DBB503-8061-40EB-B103-0BFE9C0743EB}.Release|x86.Build.0 = Release|Any CPU
	EndGlobalSection
	GlobalSection(SolutionProperties) = preSolution
		HideSolutionNode = FALSE
	EndGlobalSection
	GlobalSection(NestedProjects) = preSolution
		{2FF5C79D-3B89-4784-BD0B-23A9FBC21BD2} = {827E0CD3-B72D-47B6-A68D-7590B98EB39B}
		{C4406BA4-BEFF-4BC0-8807-0C9C7DF8556F} = {827E0CD3-B72D-47B6-A68D-7590B98EB39B}
		{CE3FF1F1-2204-4727-9021-3ED7B01D037B} = {827E0CD3-B72D-47B6-A68D-7590B98EB39B}
		{41DBB503-8061-40EB-B103-0BFE9C0743EB} = {827E0CD3-B72D-47B6-A68D-7590B98EB39B}
	EndGlobalSection
EndGlobal
